
Microsoft Visual Studio Solution File, Format Version 12.00
# Visual Studio Version 17
VisualStudioVersion = 17.0.31919.166
MinimumVisualStudioVersion = 10.0.40219.1
Project("{9A19103F-16F7-4668-BE54-9A1E7A4F7556}") = "PhysicsWars.WebApi", "PhysicsWars.WebApi\PhysicsWars.WebApi.csproj", "{B057B19F-3972-4030-8B28-EDAD98ECD08F}"
EndProject
Project("{9A19103F-16F7-4668-BE54-9A1E7A4F7556}") = "PhysicsWars.Application", "PhysicsWars.Application\PhysicsWars.Application.csproj", "{D1F04434-1138-42AF-B204-1D354DCFA836}"
EndProject
Project("{9A19103F-16F7-4668-BE54-9A1E7A4F7556}") = "PhysicsWars.Domain", "PhysicsWars.Domain\PhysicsWars.Domain.csproj", "{6C02F7D8-7AAC-48BC-9A3A-D1B7E03EFE94}"
EndProject
Project("{9A19103F-16F7-4668-BE54-9A1E7A4F7556}") = "PhysicsWars.Infrastructure", "PhysicsWars.Infrastructure\PhysicsWars.Infrastructure.csproj", "{D936C7DB-1E71-4BB0-B24B-77A50EF66AE1}"
EndProject
Project("{9A19103F-16F7-4668-BE54-9A1E7A4F7556}") = "docker-compose", "docker-compose.dcproj", "{6BD2EC46-FA8F-44F3-AF33-903BBB347116}"
EndProject
Project("{00D1A9C2-B5F0-4AF3-8072-F6C62B433612}") = "PhysicsWars.Database", "PhysicsWars.Database\PhysicsWars.Database.sqlproj", "{EC7F3075-433D-4252-9405-8608228E94DC}"
EndProject
Global
	GlobalSection(SolutionConfigurationPlatforms) = preSolution
		Debug|Any CPU = Debug|Any CPU
		Release|Any CPU = Release|Any CPU
	EndGlobalSection
	GlobalSection(ProjectConfigurationPlatforms) = postSolution
		{B057B19F-3972-4030-8B28-EDAD98ECD08F}.Debug|Any CPU.ActiveCfg = Debug|Any CPU
		{B057B19F-3972-4030-8B28-EDAD98ECD08F}.Debug|Any CPU.Build.0 = Debug|Any CPU
		{B057B19F-3972-4030-8B28-EDAD98ECD08F}.Release|Any CPU.ActiveCfg = Release|Any CPU
		{B057B19F-3972-4030-8B28-EDAD98ECD08F}.Release|Any CPU.Build.0 = Release|Any CPU
		{D1F04434-1138-42AF-B204-1D354DCFA836}.Debug|Any CPU.ActiveCfg = Debug|Any CPU
		{D1F04434-1138-42AF-B204-1D354DCFA836}.Debug|Any CPU.Build.0 = Debug|Any CPU
		{D1F04434-1138-42AF-B204-1D354DCFA836}.Release|Any CPU.ActiveCfg = Release|Any CPU
		{D1F04434-1138-42AF-B204-1D354DCFA836}.Release|Any CPU.Build.0 = Release|Any CPU
		{6C02F7D8-7AAC-48BC-9A3A-D1B7E03EFE94}.Debug|Any CPU.ActiveCfg = Debug|Any CPU
		{6C02F7D8-7AAC-48BC-9A3A-D1B7E03EFE94}.Debug|Any CPU.Build.0 = Debug|Any CPU
		{6C02F7D8-7AAC-48BC-9A3A-D1B7E03EFE94}.Release|Any CPU.ActiveCfg = Release|Any CPU
		{6C02F7D8-7AAC-48BC-9A3A-D1B7E03EFE94}.Release|Any CPU.Build.0 = Release|Any CPU
		{D936C7DB-1E71-4BB0-B24B-77A50EF66AE1}.Debug|Any CPU.ActiveCfg = Debug|Any CPU
		{D936C7DB-1E71-4BB0-B24B-77A50EF66AE1}.Debug|Any CPU.Build.0 = Debug|Any CPU
		{D936C7DB-1E71-4BB0-B24B-77A50EF66AE1}.Release|Any CPU.ActiveCfg = Release|Any CPU
		{D936C7DB-1E71-4BB0-B24B-77A50EF66AE1}.Release|Any CPU.Build.0 = Release|Any CPU
		{6BD2EC46-FA8F-44F3-AF33-903BBB347116}.Debug|Any CPU.ActiveCfg = Debug|Any CPU
		{6BD2EC46-FA8F-44F3-AF33-903BBB347116}.Debug|Any CPU.Build.0 = Debug|Any CPU
		{6BD2EC46-FA8F-44F3-AF33-903BBB347116}.Release|Any CPU.ActiveCfg = Debug|Any CPU
		{6BD2EC46-FA8F-44F3-AF33-903BBB347116}.Release|Any CPU.Build.0 = Debug|Any CPU
		{EC7F3075-433D-4252-9405-8608228E94DC}.Debug|Any CPU.ActiveCfg = Debug|Any CPU
		{EC7F3075-433D-4252-9405-8608228E94DC}.Debug|Any CPU.Build.0 = Debug|Any CPU
		{EC7F3075-433D-4252-9405-8608228E94DC}.Debug|Any CPU.Deploy.0 = Debug|Any CPU
		{EC7F3075-433D-4252-9405-8608228E94DC}.Release|Any CPU.ActiveCfg = Release|Any CPU
		{EC7F3075-433D-4252-9405-8608228E94DC}.Release|Any CPU.Build.0 = Release|Any CPU
		{EC7F3075-433D-4252-9405-8608228E94DC}.Release|Any CPU.Deploy.0 = Release|Any CPU
	EndGlobalSection
	GlobalSection(SolutionProperties) = preSolution
		HideSolutionNode = FALSE
	EndGlobalSection
	GlobalSection(ExtensibilityGlobals) = postSolution
		SolutionGuid = {C916C6E1-9718-4399-A73A-BBA4B51D7C23}
	EndGlobalSection
EndGlobal
